lockfileVersion: '9.0'

settings:
  autoInstallPeers: false
  excludeLinksFromLockfile: false

importers:

  .:
    dependencies:
      '@deepseek-ai/dsh-tools':
        specifier: 0.2.1-alpha.1
        version: 0.2.1-alpha.1
      '@deepseek-ai/dsh-typert-protocol':
        specifier: 0.2.1-alpha.1
        version: 0.2.1-alpha.1
      zod:
        specifier: ^4.0.0
        version: 4.5.4

packages:

  '@deepseek-ai/cosmokit@1.8.6-alpha.1':
    resolution: {integrity: sha512-qtuYVBRu7VrD1jLHvaM5sSShtBVgff/0R5vx57fsHUeeobvvv5TmtnTrs0+h4H263kF3ie25VO70Ija8R1eaow==}

  '@deepseek-ai/dsh-brand@0.2.1-alpha.1':
    resolution: {integrity: sha512-DNzncR3F5uO21E/dQGHvIFpYu1I11Ti3okkqUsE4BWqMyCsgLUaSGX/Vg6dtYeoFmPNbcWuhmk26L1/uaz1/Gw==}
    peerDependencies:
      '@deepseek-ai/cordis': ~4.0.5-alpha.1

  '@deepseek-ai/dsh-tools@0.2.1-alpha.1':
    resolution: {integrity: sha512-3B3HoXoE2h1chS+cWXt1XfqGaMljFehKx2t6Wb5gdlVUqCKgKV0wkd1KLjJb0ZTh1KQGtSNQzozT3f9uMSTtyg==}
    peerDependencies:
      '@deepseek-ai/cordis': ~4.0.5-alpha.1
      '@deepseek-ai/dsh-agent': 0.2.1-alpha.1
      '@deepseek-ai/dsh-llm': 0.2.1-alpha.1
      '@deepseek-ai/dsh-ptc-runtime': 0.2.1-alpha.1
      '@deepseek-ai/dsh-sandbox': 0.2.1-alpha.1
      '@deepseek-ai/dsh-sandbox-policy': 0.2.1-alpha.1
      '@deepseek-ai/dsh-scope': 0.2.1-alpha.1
      '@deepseek-ai/dsh-session': 0.2.1-alpha.1
      '@deepseek-ai/dsh-system-prompt': 0.2.1-alpha.1
      '@deepseek-ai/dsh-user-approval': 0.2.1-alpha.1

  '@deepseek-ai/dsh-typert-protocol@0.2.1-alpha.1':
    resolution: {integrity: sha512-nzNwKdiMv3nxrE6y99WtKOwbLZB5v1KzAIciMcCuZQ38rv/PKNLxE4P1QlbzyLdmKKeb68IUYvf9a1TNkv9V3g==}
    peerDependencies:
      '@deepseek-ai/cordis': ~4.0.5-alpha.1

  '@deepseek-ai/dsh-util-values@0.2.1-alpha.1':
    resolution: {integrity: sha512-RlA49PBUEiahDt11WQ6gFUGlLWG8jfC+Y/D5MNDysg5A2VbixSsbS/ZTuDp8/SrJrZKoYMxa1g7T9T61zuvP7Q==}
    peerDependencies:
      '@deepseek-ai/cordis': ~4.0.5-alpha.1

  '@deepseek-ai/schemastery@3.18.5-alpha.1':
    resolution: {integrity: sha512-HojoBv1wMQn6N8nDgTgWbc/f4EFAlg/ZsIYN2AChnEDoFOmcWd3+MDzhozNffmywywzV7pcouHRR4x37YZfcjA==}

  '@standard-schema/spec@1.1.0':
    resolution: {integrity: sha512-l2aFy5jALhniG5HgqrD6jXLi/rUWrKvqN/qJx6yoJsgKhblVd+iqqU4RCXavm/jPityDo5TCvKMnpjKnOriy0w==}

  zod@4.5.4:
    resolution: {integrity: sha512-sC95tT5iHHH9gtpj6A81kh+NEaRAUFN+qlUPDUbRfOMvNf5QCBqsb3WgvnpVtK5Y+4UfA6KqufotuTvMGiTlsA==}

snapshots:

  '@deepseek-ai/cosmokit@1.8.6-alpha.1': {}

  '@deepseek-ai/dsh-brand@0.2.1-alpha.1': {}

  '@deepseek-ai/dsh-tools@0.2.1-alpha.1':
    dependencies:
      '@deepseek-ai/dsh-brand': 0.2.1-alpha.1
      '@deepseek-ai/dsh-util-values': 0.2.1-alpha.1
      '@deepseek-ai/schemastery': 3.18.5-alpha.1

  '@deepseek-ai/dsh-typert-protocol@0.2.1-alpha.1':
    dependencies:
      '@deepseek-ai/dsh-brand': 0.2.1-alpha.1

  '@deepseek-ai/dsh-util-values@0.2.1-alpha.1': {}

  '@deepseek-ai/schemastery@3.18.5-alpha.1':
    dependencies:
      '@deepseek-ai/cosmokit': 1.8.6-alpha.1
      '@standard-schema/spec': 1.1.0

  '@standard-schema/spec@1.1.0': {}

  zod@4.5.4: {}
